
Microsoft Visual Studio Solution File, Format Version 12.00
# Visual Studio Version 16
VisualStudioVersion = 16.0.32413.511
MinimumVisualStudioVersion = 10.0.40219.1
Project("{FAE04EC0-301F-11D3-BF4B-00C04F79EFBC}") = "NewEntry.Android", "NewEntry\NewEntry.Android\NewEntry.Android.csproj", "{5378BB0A-6ED0-4FA8-BFAB-732ADD9EF358}"
EndProject
Project("{FAE04EC0-301F-11D3-BF4B-00C04F79EFBC}") = "NewEntry.iOS", "NewEntry\NewEntry.iOS\NewEntry.iOS.csproj", "{3F158AE7-DBAF-4AC7-A6EB-E8223F3ED929}"
EndProject
Project("{FAE04EC0-301F-11D3-BF4B-00C04F79EFBC}") = "NewEntry", "NewEntry\NewEntry\NewEntry.csproj", "{1CE9DEA4-4720-44C5-B2D1-0A8BAE3FAE8F}"
EndProject
Global
	GlobalSection(SolutionConfigurationPlatforms) = preSolution
		Debug|Any CPU = Debug|Any CPU
		Debug|iPhone = Debug|iPhone
		Debug|iPhoneSimulator = Debug|iPhoneSimulator
		Release|Any CPU = Release|Any CPU
		Release|iPhone = Release|iPhone
		Release|iPhoneSimulator = Release|iPhoneSimulator
	EndGlobalSection
	GlobalSection(ProjectConfigurationPlatforms) = postSolution
		{5378BB0A-6ED0-4FA8-BFAB-732ADD9EF358}.Debug|Any CPU.ActiveCfg = Debug|Any CPU
		{5378BB0A-6ED0-4FA8-BFAB-732ADD9EF358}.Debug|Any CPU.Build.0 = Debug|Any CPU
		{5378BB0A-6ED0-4FA8-BFAB-732ADD9EF358}.Debug|Any CPU.Deploy.0 = Debug|Any CPU
		{5378BB0A-6ED0-4FA8-BFAB-732ADD9EF358}.Debug|iPhone.ActiveCfg = Debug|Any CPU
		{5378BB0A-6ED0-4FA8-BFAB-732ADD9EF358}.Debug|iPhone.Build.0 = Debug|Any CPU
		{5378BB0A-6ED0-4FA8-BFAB-732ADD9EF358}.Debug|iPhone.Deploy.0 = Debug|Any CPU
		{5378BB0A-6ED0-4FA8-BFAB-732ADD9EF358}.Debug|iPhoneSimulator.ActiveCfg = Debug|Any CPU
		{5378BB0A-6ED0-4FA8-BFAB-732ADD9EF358}.Debug|iPhoneSimulator.Build.0 = Debug|Any CPU
		{5378BB0A-6ED0-4FA8-BFAB-732ADD9EF358}.Debug|iPhoneSimulator.Deploy.0 = Debug|Any CPU
		{5378BB0A-6ED0-4FA8-BFAB-732ADD9EF358}.Release|Any CPU.ActiveCfg = Release|Any CPU
		{5378BB0A-6ED0-4FA8-BFAB-732ADD9EF358}.Release|Any CPU.Build.0 = Release|Any CPU
		{5378BB0A-6ED0-4FA8-BFAB-732ADD9EF358}.Release|Any CPU.Deploy.0 = Release|Any CPU
		{5378BB0A-6ED0-4FA8-BFAB-732ADD9EF358}.Release|iPhone.ActiveCfg = Release|Any CPU
		{5378BB0A-6ED0-4FA8-BFAB-732ADD9EF358}.Release|iPhone.Build.0 = Release|Any CPU
		{5378BB0A-6ED0-4FA8-BFAB-732ADD9EF358}.Release|iPhone.Deploy.0 = Release|Any CPU
		{5378BB0A-6ED0-4FA8-BFAB-732ADD9EF358}.Release|iPhoneSimulator.ActiveCfg = Release|Any CPU
		{5378BB0A-6ED0-4FA8-BFAB-732ADD9EF358}.Release|iPhoneSimulator.Build.0 = Release|Any CPU
		{5378BB0A-6ED0-4FA8-BFAB-732ADD9EF358}.Release|iPhoneSimulator.Deploy.0 = Release|Any CPU
		{3F158AE7-DBAF-4AC7-A6EB-E8223F3ED929}.Debug|Any CPU.ActiveCfg = Debug|iPhone
		{3F158AE7-DBAF-4AC7-A6EB-E8223F3ED929}.Debug|Any CPU.Build.0 = Debug|iPhone
		{3F158AE7-DBAF-4AC7-A6EB-E8223F3ED929}.Debug|Any CPU.Deploy.0 = Debug|iPhone
		{3F158AE7-DBAF-4AC7-A6EB-E8223F3ED929}.Debug|iPhone.ActiveCfg = Debug|iPhone
		{3F158AE7-DBAF-4AC7-A6EB-E8223F3ED929}.Debug|iPhone.Build.0 = Debug|iPhone
		{3F158AE7-DBAF-4AC7-A6EB-E8223F3ED929}.Debug|iPhone.Deploy.0 = Debug|iPhone
		{3F158AE7-DBAF-4AC7-A6EB-E8223F3ED929}.Debug|iPhoneSimulator.ActiveCfg = Debug|iPhoneSimulator
		{3F158AE7-DBAF-4AC7-A6EB-E8223F3ED929}.Debug|iPhoneSimulator.Build.0 = Debug|iPhoneSimulator
		{3F158AE7-DBAF-4AC7-A6EB-E8223F3ED929}.Debug|iPhoneSimulator.Deploy.0 = Debug|iPhoneSimulator
		{3F158AE7-DBAF-4AC7-A6EB-E8223F3ED929}.Release|Any CPU.ActiveCfg = Release|iPhoneSimulator
		{3F158AE7-DBAF-4AC7-A6EB-E8223F3ED929}.Release|Any CPU.Build.0 = Release|iPhoneSimulator
		{3F158AE7-DBAF-4AC7-A6EB-E8223F3ED929}.Release|Any CPU.Deploy.0 = Release|iPhoneSimulator
		{3F158AE7-DBAF-4AC7-A6EB-E8223F3ED929}.Release|iPhone.ActiveCfg = Release|iPhone
		{3F158AE7-DBAF-4AC7-A6EB-E8223F3ED929}.Release|iPhone.Build.0 = Release|iPhone
		{3F158AE7-DBAF-4AC7-A6EB-E8223F3ED929}.Release|iPhone.Deploy.0 = Release|iPhone
		{3F158AE7-DBAF-4AC7-A6EB-E8223F3ED929}.Release|iPhoneSimulator.ActiveCfg = Release|iPhoneSimulator
		{3F158AE7-DBAF-4AC7-A6EB-E8223F3ED929}.Release|iPhoneSimulator.Build.0 = Release|iPhoneSimulator
		{3F158AE7-DBAF-4AC7-A6EB-E8223F3ED929}.Release|iPhoneSimulator.Deploy.0 = Release|iPhoneSimulator
		{1CE9DEA4-4720-44C5-B2D1-0A8BAE3FAE8F}.Debug|Any CPU.ActiveCfg = Debug|Any CPU
		{1CE9DEA4-4720-44C5-B2D1-0A8BAE3FAE8F}.Debug|Any CPU.Build.0 = Debug|Any CPU
		{1CE9DEA4-4720-44C5-B2D1-0A8BAE3FAE8F}.Debug|Any CPU.Deploy.0 = Debug|Any CPU
		{1CE9DEA4-4720-44C5-B2D1-0A8BAE3FAE8F}.Debug|iPhone.ActiveCfg = Debug|Any CPU
		{1CE9DEA4-4720-44C5-B2D1-0A8BAE3FAE8F}.Debug|iPhone.Build.0 = Debug|Any CPU
		{1CE9DEA4-4720-44C5-B2D1-0A8BAE3FAE8F}.Debug|iPhone.Deploy.0 = Debug|Any CPU
		{1CE9DEA4-4720-44C5-B2D1-0A8BAE3FAE8F}.Debug|iPhoneSimulator.ActiveCfg = Debug|Any CPU
		{1CE9DEA4-4720-44C5-B2D1-0A8BAE3FAE8F}.Debug|iPhoneSimulator.Build.0 = Debug|Any CPU
		{1CE9DEA4-4720-44C5-B2D1-0A8BAE3FAE8F}.Debug|iPhoneSimulator.Deploy.0 = Debug|Any CPU
		{1CE9DEA4-4720-44C5-B2D1-0A8BAE3FAE8F}.Release|Any CPU.ActiveCfg = Release|Any CPU
		{1CE9DEA4-4720-44C5-B2D1-0A8BAE3FAE8F}.Release|Any CPU.Build.0 = Release|Any CPU
		{1CE9DEA4-4720-44C5-B2D1-0A8BAE3FAE8F}.Release|Any CPU.Deploy.0 = Release|Any CPU
		{1CE9DEA4-4720-44C5-B2D1-0A8BAE3FAE8F}.Release|iPhone.ActiveCfg = Release|Any CPU
		{1CE9DEA4-4720-44C5-B2D1-0A8BAE3FAE8F}.Release|iPhone.Build.0 = Release|Any CPU
		{1CE9DEA4-4720-44C5-B2D1-0A8BAE3FAE8F}.Release|iPhone.Deploy.0 = Release|Any CPU
		{1CE9DEA4-4720-44C5-B2D1-0A8BAE3FAE8F}.Release|iPhoneSimulator.ActiveCfg = Release|Any CPU
		{1CE9DEA4-4720-44C5-B2D1-0A8BAE3FAE8F}.Release|iPhoneSimulator.Build.0 = Release|Any CPU
		{1CE9DEA4-4720-44C5-B2D1-0A8BAE3FAE8F}.Release|iPhoneSimulator.Deploy.0 = Release|Any CPU
	EndGlobalSection
	GlobalSection(SolutionProperties) = preSolution
		HideSolutionNode = FALSE
	EndGlobalSection
	GlobalSection(ExtensibilityGlobals) = postSolution
		SolutionGuid = {62AA004D-0692-4599-B4CE-0C50D5373304}
	EndGlobalSection
EndGlobal
